
Microsoft Visual Studio Solution File, Format Version 12.00
# Visual Studio 15
VisualStudioVersion = 15.0.28307.102
MinimumVisualStudioVersion = 10.0.40219.1
Project("{FAE04EC0-301F-11D3-BF4B-00C04F79EFBC}") = "LogDeDados", "LogDeDados\LogDeDados.csproj", "{FF5E41DC-74E7-4BAA-A71A-E826B59AF80A}"
EndProject
Global
	GlobalSection(SolutionConfigurationPlatforms) = preSolution
		Debug|Any CPU = Debug|Any CPU
		Release|Any CPU = Release|Any CPU
	EndGlobalSection
	GlobalSection(ProjectConfigurationPlatforms) = postSolution
		{FF5E41DC-74E7-4BAA-A71A-E826B59AF80A}.Debug|Any CPU.ActiveCfg = Debug|Any CPU
		{FF5E41DC-74E7-4BAA-A71A-E826B59AF80A}.Debug|Any CPU.Build.0 = Debug|Any CPU
		{FF5E41DC-74E7-4BAA-A71A-E826B59AF80A}.Release|Any CPU.ActiveCfg = Release|Any CPU
		{FF5E41DC-74E7-4BAA-A71A-E826B59AF80A}.Release|Any CPU.Build.0 = Release|Any CPU
	EndGlobalSection
	GlobalSection(SolutionProperties) = preSolution
		HideSolutionNode = FALSE
	EndGlobalSection
	GlobalSection(ExtensibilityGlobals) = postSolution
		SolutionGuid = {D82068EA-D7F6-410C-B94E-DC478FAE693F}
	EndGlobalSection
EndGlobal
